
Microsoft Visual Studio Solution File, Format Version 12.00
# Visual Studio 15
VisualStudioVersion = 15.0.27428.2015
MinimumVisualStudioVersion = 10.0.40219.1
Project("{FAE04EC0-301F-11D3-BF4B-00C04F79EFBC}") = "HelloWorldConsole", "HelloWorldConsole\HelloWorldConsole.csproj", "{59F475B6-00ED-42CB-AB23-A2F5130FFD7A}"
EndProject
Project("{FAE04EC0-301F-11D3-BF4B-00C04F79EFBC}") = "HelloWorldAPI", "HelloWorldAPI\HelloWorldAPI.csproj", "{7E3D8173-D2F1-41B9-9144-CB39C893F221}"
EndProject
Project("{FAE04EC0-301F-11D3-BF4B-00C04F79EFBC}") = "HelloWorldTests", "HelloWorldTests\HelloWorldTests.csproj", "{795F8CF7-6A1D-4D39-B743-11544F785C1F}"
EndProject
Global
	GlobalSection(SolutionConfigurationPlatforms) = preSolution
		Debug|Any CPU = Debug|Any CPU
		Release|Any CPU = Release|Any CPU
	EndGlobalSection
	GlobalSection(ProjectConfigurationPlatforms) = postSolution
		{59F475B6-00ED-42CB-AB23-A2F5130FFD7A}.Debug|Any CPU.ActiveCfg = Debug|Any CPU
		{59F475B6-00ED-42CB-AB23-A2F5130FFD7A}.Debug|Any CPU.Build.0 = Debug|Any CPU
		{59F475B6-00ED-42CB-AB23-A2F5130FFD7A}.Release|Any CPU.ActiveCfg = Release|Any CPU
		{59F475B6-00ED-42CB-AB23-A2F5130FFD7A}.Release|Any CPU.Build.0 = Release|Any CPU
		{7E3D8173-D2F1-41B9-9144-CB39C893F221}.Debug|Any CPU.ActiveCfg = Debug|Any CPU
		{7E3D8173-D2F1-41B9-9144-CB39C893F221}.Debug|Any CPU.Build.0 = Debug|Any CPU
		{7E3D8173-D2F1-41B9-9144-CB39C893F221}.Release|Any CPU.ActiveCfg = Release|Any CPU
		{7E3D8173-D2F1-41B9-9144-CB39C893F221}.Release|Any CPU.Build.0 = Release|Any CPU
		{795F8CF7-6A1D-4D39-B743-11544F785C1F}.Debug|Any CPU.ActiveCfg = Debug|Any CPU
		{795F8CF7-6A1D-4D39-B743-11544F785C1F}.Debug|Any CPU.Build.0 = Debug|Any CPU
		{795F8CF7-6A1D-4D39-B743-11544F785C1F}.Release|Any CPU.ActiveCfg = Release|Any CPU
		{795F8CF7-6A1D-4D39-B743-11544F785C1F}.Release|Any CPU.Build.0 = Release|Any CPU
	EndGlobalSection
	GlobalSection(SolutionProperties) = preSolution
		HideSolutionNode = FALSE
	EndGlobalSection
	GlobalSection(ExtensibilityGlobals) = postSolution
		SolutionGuid = {91029AF8-37A5-4C62-A27B-6C01EF8EB61D}
	EndGlobalSection
EndGlobal
