
Microsoft Visual Studio Solution File, Format Version 12.00
# Visual Studio 15
VisualStudioVersion = 15.0.27428.2015
MinimumVisualStudioVersion = 10.0.40219.1
Project("{FAE04EC0-301F-11D3-BF4B-00C04F79EFBC}") = "HelloWorld", "HelloWorld\HelloWorld.csproj", "{506D8F0D-1D40-44FD-906C-183A0C65A177}"
EndProject
Project("{FAE04EC0-301F-11D3-BF4B-00C04F79EFBC}") = "HelloWorld.Tests", "HelloWorld.Tests\HelloWorld.Tests.csproj", "{C5D04852-B90F-4B61-AB3D-C968E01A0ECA}"
EndProject
Global
	GlobalSection(SolutionConfigurationPlatforms) = preSolution
		Debug|Any CPU = Debug|Any CPU
		Release|Any CPU = Release|Any CPU
	EndGlobalSection
	GlobalSection(ProjectConfigurationPlatforms) = postSolution
		{506D8F0D-1D40-44FD-906C-183A0C65A177}.Debug|Any CPU.ActiveCfg = Debug|Any CPU
		{506D8F0D-1D40-44FD-906C-183A0C65A177}.Debug|Any CPU.Build.0 = Debug|Any CPU
		{506D8F0D-1D40-44FD-906C-183A0C65A177}.Release|Any CPU.ActiveCfg = Release|Any CPU
		{506D8F0D-1D40-44FD-906C-183A0C65A177}.Release|Any CPU.Build.0 = Release|Any CPU
		{C5D04852-B90F-4B61-AB3D-C968E01A0ECA}.Debug|Any CPU.ActiveCfg = Debug|Any CPU
		{C5D04852-B90F-4B61-AB3D-C968E01A0ECA}.Debug|Any CPU.Build.0 = Debug|Any CPU
		{C5D04852-B90F-4B61-AB3D-C968E01A0ECA}.Release|Any CPU.ActiveCfg = Release|Any CPU
		{C5D04852-B90F-4B61-AB3D-C968E01A0ECA}.Release|Any CPU.Build.0 = Release|Any CPU
	EndGlobalSection
	GlobalSection(SolutionProperties) = preSolution
		HideSolutionNode = FALSE
	EndGlobalSection
	GlobalSection(ExtensibilityGlobals) = postSolution
		SolutionGuid = {91029AF8-37A5-4C62-A27B-6C01EF8EB61D}
	EndGlobalSection
EndGlobal
